// !$*UTF8*$!
{
	archiveVersion = 1;
	classes = {
	};
	objectVersion = 56;
	objects = {

/* Begin PBXBuildFile section */
		A4010FE22A502438000DFEEA /* AuthenticationServices.framework in Frameworks */ = {isa = PBXBuildFile; fileRef = A4010FE12A502438000DFEEA /* AuthenticationServices.framework */; };
		A4197F9D2A446DC00067BFB0 /* VideoViewController.swift in Sources */ = {isa = PBXBuildFile; fileRef = A4197F9C2A446DC00067BFB0 /* VideoViewController.swift */; };
		A4197FA02A446E4D0067BFB0 /* YouTubeiOSPlayerHelper in Frameworks */ = {isa = PBXBuildFile; productRef = A4197F9F2A446E4D0067BFB0 /* YouTubeiOSPlayerHelper */; };
		A425FCAB2A4F570400DE40CD /* FirebaseAnalytics in Frameworks */ = {isa = PBXBuildFile; productRef = A425FCAA2A4F570400DE40CD /* FirebaseAnalytics */; };
		A425FCAD2A4F570400DE40CD /* FirebaseAuth in Frameworks */ = {isa = PBXBuildFile; productRef = A425FCAC2A4F570400DE40CD /* FirebaseAuth */; };
		A425FCAF2A4F570400DE40CD /* FirebaseDatabase in Frameworks */ = {isa = PBXBuildFile; productRef = A425FCAE2A4F570400DE40CD /* FirebaseDatabase */; };
		A425FCB12A4F570400DE40CD /* FirebaseFirestore in Frameworks */ = {isa = PBXBuildFile; productRef = A425FCB02A4F570400DE40CD /* FirebaseFirestore */; };
		A425FCB32A4F570400DE40CD /* FirebaseStorage in Frameworks */ = {isa = PBXBuildFile; productRef = A425FCB22A4F570400DE40CD /* FirebaseStorage */; };
		A425FCB72A4F57C500DE40CD /* GoogleService-Info.plist in Resources */ = {isa = PBXBuildFile; fileRef = A425FCB62A4F57C500DE40CD /* GoogleService-Info.plist */; };
		A42B4ED62A5FE38E00EE2358 /* FavorilerViewModel.swift in Sources */ = {isa = PBXBuildFile; fileRef = A42B4ED52A5FE38E00EE2358 /* FavorilerViewModel.swift */; };
		A42B4ED92A5FE73100EE2358 /* Alert.swift in Sources */ = {isa = PBXBuildFile; fileRef = A42B4ED82A5FE73100EE2358 /* Alert.swift */; };
		A4649ECC2A4580DA008E1EC9 /* MapsViewController.swift in Sources */ = {isa = PBXBuildFile; fileRef = A4649ECB2A4580DA008E1EC9 /* MapsViewController.swift */; };
		A4658B042A62D72B00119935 /* women.json in Resources */ = {isa = PBXBuildFile; fileRef = A4658B032A62D72B00119935 /* women.json */; };
		A4658B062A62D73500119935 /* man.json in Resources */ = {isa = PBXBuildFile; fileRef = A4658B052A62D73500119935 /* man.json */; };
		A4658B082A62D75800119935 /* KesfetViewController.swift in Sources */ = {isa = PBXBuildFile; fileRef = A4658B072A62D75800119935 /* KesfetViewController.swift */; };
		A491D56A2A418447000E6BF2 /* Lottie in Frameworks */ = {isa = PBXBuildFile; productRef = A491D5692A418447000E6BF2 /* Lottie */; };
		A4A0A1052A3C8B7F008ABA86 /* AppDelegate.swift in Sources */ = {isa = PBXBuildFile; fileRef = A4A0A1042A3C8B7F008ABA86 /* AppDelegate.swift */; };
		A4A0A1072A3C8B7F008ABA86 /* SceneDelegate.swift in Sources */ = {isa = PBXBuildFile; fileRef = A4A0A1062A3C8B7F008ABA86 /* SceneDelegate.swift */; };
		A4A0A1092A3C8B7F008ABA86 /* LoginViewController.swift in Sources */ = {isa = PBXBuildFile; fileRef = A4A0A1082A3C8B7F008ABA86 /* LoginViewController.swift */; };
		A4A0A10C2A3C8B7F008ABA86 /* Main.storyboard in Resources */ = {isa = PBXBuildFile; fileRef = A4A0A10A2A3C8B7F008ABA86 /* Main.storyboard */; };
		A4A0A10E2A3C8B7F008ABA86 /* Assets.xcassets in Resources */ = {isa = PBXBuildFile; fileRef = A4A0A10D2A3C8B7F008ABA86 /* Assets.xcassets */; };
		A4A0A1112A3C8B7F008ABA86 /* LaunchScreen.storyboard in Resources */ = {isa = PBXBuildFile; fileRef = A4A0A10F2A3C8B7F008ABA86 /* LaunchScreen.storyboard */; };
		A4A0A11C2A3C9061008ABA86 /* login.json in Resources */ = {isa = PBXBuildFile; fileRef = A4A0A11B2A3C9061008ABA86 /* login.json */; };
		A4D75C872A56AEF60046CE00 /* Alamofire in Frameworks */ = {isa = PBXBuildFile; productRef = A4D75C862A56AEF60046CE00 /* Alamofire */; };
		A4D75C8C2A56BFC00046CE00 /* AlamofireImage in Frameworks */ = {isa = PBXBuildFile; productRef = A4D75C8B2A56BFC00046CE00 /* AlamofireImage */; };
		A4DC4F8A2A499364001A0361 /* FavoriTableViewCell.swift in Sources */ = {isa = PBXBuildFile; fileRef = A4DC4F892A499364001A0361 /* FavoriTableViewCell.swift */; };
		A4E0A3C82A3DA14600E7E3EF /* KategoriCVCell.swift in Sources */ = {isa = PBXBuildFile; fileRef = A4E0A3C72A3DA14600E7E3EF /* KategoriCVCell.swift */; };
		A4E0A3CA2A3DA89B00E7E3EF /* KategoriViewController.swift in Sources */ = {isa = PBXBuildFile; fileRef = A4E0A3C92A3DA89B00E7E3EF /* KategoriViewController.swift */; };
		A4E0A3CE2A3DBBE300E7E3EF /* AyarlarViewController.swift in Sources */ = {isa = PBXBuildFile; fileRef = A4E0A3CD2A3DBBE300E7E3EF /* AyarlarViewController.swift */; };
		A4E0A3D02A3DBC0F00E7E3EF /* FavorilerViewController.swift in Sources */ = {isa = PBXBuildFile; fileRef = A4E0A3CF2A3DBC0F00E7E3EF /* FavorilerViewController.swift */; };
		A4E0A3D22A3DBD6900E7E3EF /* AltBaslikViewController.swift in Sources */ = {isa = PBXBuildFile; fileRef = A4E0A3D12A3DBD6900E7E3EF /* AltBaslikViewController.swift */; };
		A4E0A3D42A3DBDAE00E7E3EF /* AltBaslikTableViewCell.swift in Sources */ = {isa = PBXBuildFile; fileRef = A4E0A3D32A3DBDAE00E7E3EF /* AltBaslikTableViewCell.swift */; };
		A4E2CB952A3CA1E500630A64 /* RegisterViewController.swift in Sources */ = {isa = PBXBuildFile; fileRef = A4E2CB942A3CA1E400630A64 /* RegisterViewController.swift */; };
		A4EF183E2A5C2DF40083B04A /* LoginViewModel.swift in Sources */ = {isa = PBXBuildFile; fileRef = A4EF183D2A5C2DF40083B04A /* LoginViewModel.swift */; };
		A4EF18402A5C366E0083B04A /* RegisterViewModel.swift in Sources */ = {isa = PBXBuildFile; fileRef = A4EF183F2A5C366E0083B04A /* RegisterViewModel.swift */; };
		A4EF18442A5C42960083B04A /* KategoriViewModel.swift in Sources */ = {isa = PBXBuildFile; fileRef = A4EF18432A5C42960083B04A /* KategoriViewModel.swift */; };
		A4EF18462A5C480E0083B04A /* AltBaslikViewModel.swift in Sources */ = {isa = PBXBuildFile; fileRef = A4EF18452A5C480E0083B04A /* AltBaslikViewModel.swift */; };
		A4F0C8562A5D3F3E00DAE697 /* AyarlarViewModel.swift in Sources */ = {isa = PBXBuildFile; fileRef = A4F0C8552A5D3F3E00DAE697 /* AyarlarViewModel.swift */; };
		A4F0C8582A5D463300DAE697 /* Kullanicilar.swift in Sources */ = {isa = PBXBuildFile; fileRef = A4F0C8572A5D463300DAE697 /* Kullanicilar.swift */; };
		A4F0C85A2A5D52CA00DAE697 /* RowData.swift in Sources */ = {isa = PBXBuildFile; fileRef = A4F0C8592A5D52CA00DAE697 /* RowData.swift */; };
		A4F3312F2A599FDF0074823B /* SporModel.swift in Sources */ = {isa = PBXBuildFile; fileRef = A4F3312E2A599FDF0074823B /* SporModel.swift */; };
/* End PBXBuildFile section */

/* Begin PBXFileReference section */
		A4010FE12A502438000DFEEA /* AuthenticationServices.framework */ = {isa = PBXFileReference; lastKnownFileType = wrapper.framework; name = AuthenticationServices.framework; path = System/Library/Frameworks/AuthenticationServices.framework; sourceTree = SDKROOT; };
		A4197F9C2A446DC00067BFB0 /* VideoViewController.swift */ = {isa = PBXFileReference; lastKnownFileType = sourcecode.swift; path = VideoViewController.swift; sourceTree = "<group>"; };
		A425FCA62A4F522D00DE40CD /* register.json */ = {isa = PBXFileReference; lastKnownFileType = text.json; path = register.json; sourceTree = "<group>"; };
		A425FCB62A4F57C500DE40CD /* GoogleService-Info.plist */ = {isa = PBXFileReference; fileEncoding = 4; lastKnownFileType = text.plist.xml; name = "GoogleService-Info.plist"; path = "../../../Downloads/GoogleService-Info.plist"; sourceTree = "<group>"; };
		A42B4ED52A5FE38E00EE2358 /* FavorilerViewModel.swift */ = {isa = PBXFileReference; lastKnownFileType = sourcecode.swift; path = FavorilerViewModel.swift; sourceTree = "<group>"; };
		A42B4ED82A5FE73100EE2358 /* Alert.swift */ = {isa = PBXFileReference; lastKnownFileType = sourcecode.swift; path = Alert.swift; sourceTree = "<group>"; };
		A4649ECB2A4580DA008E1EC9 /* MapsViewController.swift */ = {isa = PBXFileReference; lastKnownFileType = sourcecode.swift; path = MapsViewController.swift; sourceTree = "<group>"; };
		A4658B032A62D72B00119935 /* women.json */ = {isa = PBXFileReference; fileEncoding = 4; lastKnownFileType = text.json; path = women.json; sourceTree = "<group>"; };
		A4658B052A62D73500119935 /* man.json */ = {isa = PBXFileReference; fileEncoding = 4; lastKnownFileType = text.json; path = man.json; sourceTree = "<group>"; };
		A4658B072A62D75800119935 /* KesfetViewController.swift */ = {isa = PBXFileReference; lastKnownFileType = sourcecode.swift; path = KesfetViewController.swift; sourceTree = "<group>"; };
		A4A0A1012A3C8B7F008ABA86 /* sporApp.app */ = {isa = PBXFileReference; explicitFileType = wrapper.application; includeInIndex = 0; path = sporApp.app; sourceTree = BUILT_PRODUCTS_DIR; };
		A4A0A1042A3C8B7F008ABA86 /* AppDelegate.swift */ = {isa = PBXFileReference; lastKnownFileType = sourcecode.swift; path = AppDelegate.swift; sourceTree = "<group>"; };
		A4A0A1062A3C8B7F008ABA86 /* SceneDelegate.swift */ = {isa = PBXFileReference; lastKnownFileType = sourcecode.swift; path = SceneDelegate.swift; sourceTree = "<group>"; };
		A4A0A1082A3C8B7F008ABA86 /* LoginViewController.swift */ = {isa = PBXFileReference; lastKnownFileType = sourcecode.swift; path = LoginViewController.swift; sourceTree = "<group>"; };
		A4A0A10B2A3C8B7F008ABA86 /* Base */ = {isa = PBXFileReference; lastKnownFileType = file.storyboard; name = Base; path = Base.lproj/Main.storyboard; sourceTree = "<group>"; };
		A4A0A10D2A3C8B7F008ABA86 /* Assets.xcassets */ = {isa = PBXFileReference; lastKnownFileType = folder.assetcatalog; path = Assets.xcassets; sourceTree = "<group>"; };
		A4A0A1102A3C8B7F008ABA86 /* Base */ = {isa = PBXFileReference; lastKnownFileType = file.storyboard; name = Base; path = Base.lproj/LaunchScreen.storyboard; sourceTree = "<group>"; };
		A4A0A1122A3C8B7F008ABA86 /* Info.plist */ = {isa = PBXFileReference; lastKnownFileType = text.plist.xml; path = Info.plist; sourceTree = "<group>"; };
		A4A0A11B2A3C9061008ABA86 /* login.json */ = {isa = PBXFileReference; fileEncoding = 4; lastKnownFileType = text.json; path = login.json; sourceTree = "<group>"; };
		A4DC4F892A499364001A0361 /* FavoriTableViewCell.swift */ = {isa = PBXFileReference; lastKnownFileType = sourcecode.swift; path = FavoriTableViewCell.swift; sourceTree = "<group>"; };
		A4E0A3C72A3DA14600E7E3EF /* KategoriCVCell.swift */ = {isa = PBXFileReference; lastKnownFileType = sourcecode.swift; path = KategoriCVCell.swift; sourceTree = "<group>"; };
		A4E0A3C92A3DA89B00E7E3EF /* KategoriViewController.swift */ = {isa = PBXFileReference; lastKnownFileType = sourcecode.swift; path = KategoriViewController.swift; sourceTree = "<group>"; };
		A4E0A3CD2A3DBBE300E7E3EF /* AyarlarViewController.swift */ = {isa = PBXFileReference; lastKnownFileType = sourcecode.swift; path = AyarlarViewController.swift; sourceTree = "<group>"; };
		A4E0A3CF2A3DBC0F00E7E3EF /* FavorilerViewController.swift */ = {isa = PBXFileReference; lastKnownFileType = sourcecode.swift; path = FavorilerViewController.swift; sourceTree = "<group>"; };
		A4E0A3D12A3DBD6900E7E3EF /* AltBaslikViewController.swift */ = {isa = PBXFileReference; lastKnownFileType = sourcecode.swift; path = AltBaslikViewController.swift; sourceTree = "<group>"; };
		A4E0A3D32A3DBDAE00E7E3EF /* AltBaslikTableViewCell.swift */ = {isa = PBXFileReference; lastKnownFileType = sourcecode.swift; path = AltBaslikTableViewCell.swift; sourceTree = "<group>"; };
		A4E2CB942A3CA1E400630A64 /* RegisterViewController.swift */ = {isa = PBXFileReference; lastKnownFileType = sourcecode.swift; path = RegisterViewController.swift; sourceTree = "<group>"; };
		A4EF183D2A5C2DF40083B04A /* LoginViewModel.swift */ = {isa = PBXFileReference; lastKnownFileType = sourcecode.swift; path = LoginViewModel.swift; sourceTree = "<group>"; };
		A4EF183F2A5C366E0083B04A /* RegisterViewModel.swift */ = {isa = PBXFileReference; lastKnownFileType = sourcecode.swift; path = RegisterViewModel.swift; sourceTree = "<group>"; };
		A4EF18432A5C42960083B04A /* KategoriViewModel.swift */ = {isa = PBXFileReference; lastKnownFileType = sourcecode.swift; path = KategoriViewModel.swift; sourceTree = "<group>"; };
		A4EF18452A5C480E0083B04A /* AltBaslikViewModel.swift */ = {isa = PBXFileReference; lastKnownFileType = sourcecode.swift; path = AltBaslikViewModel.swift; sourceTree = "<group>"; };
		A4F0C8552A5D3F3E00DAE697 /* AyarlarViewModel.swift */ = {isa = PBXFileReference; lastKnownFileType = sourcecode.swift; path = AyarlarViewModel.swift; sourceTree = "<group>"; };
		A4F0C8572A5D463300DAE697 /* Kullanicilar.swift */ = {isa = PBXFileReference; lastKnownFileType = sourcecode.swift; path = Kullanicilar.swift; sourceTree = "<group>"; };
		A4F0C8592A5D52CA00DAE697 /* RowData.swift */ = {isa = PBXFileReference; lastKnownFileType = sourcecode.swift; path = RowData.swift; sourceTree = "<group>"; };
		A4F3312E2A599FDF0074823B /* SporModel.swift */ = {isa = PBXFileReference; lastKnownFileType = sourcecode.swift; path = SporModel.swift; sourceTree = "<group>"; };
/* End PBXFileReference section */

/* Begin PBXFrameworksBuildPhase section */
		A4A0A0FE2A3C8B7F008ABA86 /* Frameworks */ = {
			isa = PBXFrameworksBuildPhase;
			buildActionMask = 2147483647;
			files = (
				A4010FE22A502438000DFEEA /* AuthenticationServices.framework in Frameworks */,
				A425FCAF2A4F570400DE40CD /* FirebaseDatabase in Frameworks */,
				A4197FA02A446E4D0067BFB0 /* YouTubeiOSPlayerHelper in Frameworks */,
				A4D75C8C2A56BFC00046CE00 /* AlamofireImage in Frameworks */,
				A4D75C872A56AEF60046CE00 /* Alamofire in Frameworks */,
				A491D56A2A418447000E6BF2 /* Lottie in Frameworks */,
				A425FCAB2A4F570400DE40CD /* FirebaseAnalytics in Frameworks */,
				A425FCB32A4F570400DE40CD /* FirebaseStorage in Frameworks */,
				A425FCAD2A4F570400DE40CD /* FirebaseAuth in Frameworks */,
				A425FCB12A4F570400DE40CD /* FirebaseFirestore in Frameworks */,
			);
			runOnlyForDeploymentPostprocessing = 0;
		};
/* End PBXFrameworksBuildPhase section */

/* Begin PBXGroup section */
		A4010FE02A502438000DFEEA /* Frameworks */ = {
			isa = PBXGroup;
			children = (
				A4010FE12A502438000DFEEA /* AuthenticationServices.framework */,
			);
			name = Frameworks;
			sourceTree = "<group>";
		};
		A425FCB52A4F573900DE40CD /* FileHelper */ = {
			isa = PBXGroup;
			children = (
				A42B4ED72A5FE72000EE2358 /* Alerts */,
				A425FCA62A4F522D00DE40CD /* register.json */,
				A4658B032A62D72B00119935 /* women.json */,
				A4658B052A62D73500119935 /* man.json */,
				A4A0A11B2A3C9061008ABA86 /* login.json */,
			);
			path = FileHelper;
			sourceTree = "<group>";
		};
		A42B4ED72A5FE72000EE2358 /* Alerts */ = {
			isa = PBXGroup;
			children = (
				A42B4ED82A5FE73100EE2358 /* Alert.swift */,
			);
			path = Alerts;
			sourceTree = "<group>";
		};
		A4A0A0F82A3C8B7F008ABA86 = {
			isa = PBXGroup;
			children = (
				A4A0A1032A3C8B7F008ABA86 /* sporApp */,
				A4A0A1022A3C8B7F008ABA86 /* Products */,
				A4010FE02A502438000DFEEA /* Frameworks */,
			);
			sourceTree = "<group>";
		};
		A4A0A1022A3C8B7F008ABA86 /* Products */ = {
			isa = PBXGroup;
			children = (
				A4A0A1012A3C8B7F008ABA86 /* sporApp.app */,
			);
			name = Products;
			sourceTree = "<group>";
		};
		A4A0A1032A3C8B7F008ABA86 /* sporApp */ = {
			isa = PBXGroup;
			children = (
				A4F331372A59AA270074823B /* Models */,
				A4F331342A59A9A10074823B /* Views */,
				A4F3312C2A599BCE0074823B /* ViewModels */,
				A4F331322A59A95D0074823B /* Resources */,
				A425FCB52A4F573900DE40CD /* FileHelper */,
				A4A0A1122A3C8B7F008ABA86 /* Info.plist */,
				A425FCB62A4F57C500DE40CD /* GoogleService-Info.plist */,
			);
			path = sporApp;
			sourceTree = "<group>";
		};
		A4F3312C2A599BCE0074823B /* ViewModels */ = {
			isa = PBXGroup;
			children = (
				A4EF183D2A5C2DF40083B04A /* LoginViewModel.swift */,
				A4EF183F2A5C366E0083B04A /* RegisterViewModel.swift */,
				A4EF18432A5C42960083B04A /* KategoriViewModel.swift */,
				A4EF18452A5C480E0083B04A /* AltBaslikViewModel.swift */,
				A4F0C8552A5D3F3E00DAE697 /* AyarlarViewModel.swift */,
				A42B4ED52A5FE38E00EE2358 /* FavorilerViewModel.swift */,
			);
			path = ViewModels;
			sourceTree = "<group>";
		};
		A4F331322A59A95D0074823B /* Resources */ = {
			isa = PBXGroup;
			children = (
				A4A0A1042A3C8B7F008ABA86 /* AppDelegate.swift */,
				A4A0A1062A3C8B7F008ABA86 /* SceneDelegate.swift */,
				A4A0A10D2A3C8B7F008ABA86 /* Assets.xcassets */,
			);
			path = Resources;
			sourceTree = "<group>";
		};
		A4F331342A59A9A10074823B /* Views */ = {
			isa = PBXGroup;
			children = (
				A4F331362A59A9ED0074823B /* Controllers */,
				A4DC4F892A499364001A0361 /* FavoriTableViewCell.swift */,
				A4E0A3D32A3DBDAE00E7E3EF /* AltBaslikTableViewCell.swift */,
				A4E0A3C72A3DA14600E7E3EF /* KategoriCVCell.swift */,
				A4F331352A59A9A60074823B /* Storyboards */,
			);
			path = Views;
			sourceTree = "<group>";
		};
		A4F331352A59A9A60074823B /* Storyboards */ = {
			isa = PBXGroup;
			children = (
				A4A0A10A2A3C8B7F008ABA86 /* Main.storyboard */,
				A4A0A10F2A3C8B7F008ABA86 /* LaunchScreen.storyboard */,
			);
			path = Storyboards;
			sourceTree = "<group>";
		};
		A4F331362A59A9ED0074823B /* Controllers */ = {
			isa = PBXGroup;
			children = (
				A4E2CB942A3CA1E400630A64 /* RegisterViewController.swift */,
				A4649ECB2A4580DA008E1EC9 /* MapsViewController.swift */,
				A4E0A3C92A3DA89B00E7E3EF /* KategoriViewController.swift */,
				A4E0A3D12A3DBD6900E7E3EF /* AltBaslikViewController.swift */,
				A4E0A3CD2A3DBBE300E7E3EF /* AyarlarViewController.swift */,
				A4E0A3CF2A3DBC0F00E7E3EF /* FavorilerViewController.swift */,
				A4A0A1082A3C8B7F008ABA86 /* LoginViewController.swift */,
				A4197F9C2A446DC00067BFB0 /* VideoViewController.swift */,
				A4658B072A62D75800119935 /* KesfetViewController.swift */,
			);
			path = Controllers;
			sourceTree = "<group>";
		};
		A4F331372A59AA270074823B /* Models */ = {
			isa = PBXGroup;
			children = (
				A4F3312E2A599FDF0074823B /* SporModel.swift */,
				A4F0C8572A5D463300DAE697 /* Kullanicilar.swift */,
				A4F0C8592A5D52CA00DAE697 /* RowData.swift */,
			);
			path = Models;
			sourceTree = "<group>";
		};
/* End PBXGroup section */

/* Begin PBXNativeTarget section */
		A4A0A1002A3C8B7F008ABA86 /* sporApp */ = {
			isa = PBXNativeTarget;
			buildConfigurationList = A4A0A1152A3C8B7F008ABA86 /* Build configuration list for PBXNativeTarget "sporApp" */;
			buildPhases = (
				A4A0A0FD2A3C8B7F008ABA86 /* Sources */,
				A4A0A0FE2A3C8B7F008ABA86 /* Frameworks */,
				A4A0A0FF2A3C8B7F008ABA86 /* Resources */,
			);
			buildRules = (
			);
			dependencies = (
			);
			name = sporApp;
			packageProductDependencies = (
				A491D5692A418447000E6BF2 /* Lottie */,
				A4197F9F2A446E4D0067BFB0 /* YouTubeiOSPlayerHelper */,
				A425FCAA2A4F570400DE40CD /* FirebaseAnalytics */,
				A425FCAC2A4F570400DE40CD /* FirebaseAuth */,
				A425FCAE2A4F570400DE40CD /* FirebaseDatabase */,
				A425FCB02A4F570400DE40CD /* FirebaseFirestore */,
				A425FCB22A4F570400DE40CD /* FirebaseStorage */,
				A4D75C862A56AEF60046CE00 /* Alamofire */,
				A4D75C8B2A56BFC00046CE00 /* AlamofireImage */,
			);
			productName = sporApp;
			productReference = A4A0A1012A3C8B7F008ABA86 /* sporApp.app */;
			productType = "com.apple.product-type.application";
		};
/* End PBXNativeTarget section */

/* Begin PBXProject section */
		A4A0A0F92A3C8B7F008ABA86 /* Project object */ = {
			isa = PBXProject;
			attributes = {
				BuildIndependentTargetsInParallel = 1;
				LastSwiftUpdateCheck = 1420;
				LastUpgradeCheck = 1420;
				TargetAttributes = {
					A4A0A1002A3C8B7F008ABA86 = {
						CreatedOnToolsVersion = 14.2;
					};
				};
			};
			buildConfigurationList = A4A0A0FC2A3C8B7F008ABA86 /* Build configuration list for PBXProject "sporApp" */;
			compatibilityVersion = "Xcode 14.0";
			developmentRegion = en;
			hasScannedForEncodings = 0;
			knownRegions = (
				en,
				Base,
			);
			mainGroup = A4A0A0F82A3C8B7F008ABA86;
			packageReferences = (
				A491D5682A418447000E6BF2 /* XCRemoteSwiftPackageReference "lottie-ios" */,
				A4197F9E2A446E4D0067BFB0 /* XCRemoteSwiftPackageReference "youtube-ios-player-helper" */,
				A425FCA92A4F570400DE40CD /* XCRemoteSwiftPackageReference "firebase-ios-sdk" */,
				A4D75C852A56AEF60046CE00 /* XCRemoteSwiftPackageReference "Alamofire" */,
				A4D75C8A2A56BFC00046CE00 /* XCRemoteSwiftPackageReference "AlamofireImage" */,
			);
			productRefGroup = A4A0A1022A3C8B7F008ABA86 /* Products */;
			projectDirPath = "";
			projectRoot = "";
			targets = (
				A4A0A1002A3C8B7F008ABA86 /* sporApp */,
			);
		};
/* End PBXProject section */

/* Begin PBXResourcesBuildPhase section */
		A4A0A0FF2A3C8B7F008ABA86 /* Resources */ = {
			isa = PBXResourcesBuildPhase;
			buildActionMask = 2147483647;
			files = (
				A4A0A1112A3C8B7F008ABA86 /* LaunchScreen.storyboard in Resources */,
				A4658B062A62D73500119935 /* man.json in Resources */,
				A4A0A10E2A3C8B7F008ABA86 /* Assets.xcassets in Resources */,
				A425FCB72A4F57C500DE40CD /* GoogleService-Info.plist in Resources */,
				A4A0A10C2A3C8B7F008ABA86 /* Main.storyboard in Resources */,
				A4658B042A62D72B00119935 /* women.json in Resources */,
				A4A0A11C2A3C9061008ABA86 /* login.json in Resources */,
			);
			runOnlyForDeploymentPostprocessing = 0;
		};
/* End PBXResourcesBuildPhase section */

/* Begin PBXSourcesBuildPhase section */
		A4A0A0FD2A3C8B7F008ABA86 /* Sources */ = {
			isa = PBXSourcesBuildPhase;
			buildActionMask = 2147483647;
			files = (
				A4E0A3D02A3DBC0F00E7E3EF /* FavorilerViewController.swift in Sources */,
				A4649ECC2A4580DA008E1EC9 /* MapsViewController.swift in Sources */,
				A4A0A1092A3C8B7F008ABA86 /* LoginViewController.swift in Sources */,
				A42B4ED62A5FE38E00EE2358 /* FavorilerViewModel.swift in Sources */,
				A4E0A3CE2A3DBBE300E7E3EF /* AyarlarViewController.swift in Sources */,
				A4A0A1052A3C8B7F008ABA86 /* AppDelegate.swift in Sources */,
				A4658B082A62D75800119935 /* KesfetViewController.swift in Sources */,
				A42B4ED92A5FE73100EE2358 /* Alert.swift in Sources */,
				A4F0C8562A5D3F3E00DAE697 /* AyarlarViewModel.swift in Sources */,
				A4F3312F2A599FDF0074823B /* SporModel.swift in Sources */,
				A4A0A1072A3C8B7F008ABA86 /* SceneDelegate.swift in Sources */,
				A4F0C85A2A5D52CA00DAE697 /* RowData.swift in Sources */,
				A4F0C8582A5D463300DAE697 /* Kullanicilar.swift in Sources */,
				A4EF18442A5C42960083B04A /* KategoriViewModel.swift in Sources */,
				A4EF18402A5C366E0083B04A /* RegisterViewModel.swift in Sources */,
				A4EF183E2A5C2DF40083B04A /* LoginViewModel.swift in Sources */,
				A4E0A3C82A3DA14600E7E3EF /* KategoriCVCell.swift in Sources */,
				A4EF18462A5C480E0083B04A /* AltBaslikViewModel.swift in Sources */,
				A4197F9D2A446DC00067BFB0 /* VideoViewController.swift in Sources */,
				A4E0A3CA2A3DA89B00E7E3EF /* KategoriViewController.swift in Sources */,
				A4E2CB952A3CA1E500630A64 /* RegisterViewController.swift in Sources */,
				A4E0A3D42A3DBDAE00E7E3EF /* AltBaslikTableViewCell.swift in Sources */,
				A4E0A3D22A3DBD6900E7E3EF /* AltBaslikViewController.swift in Sources */,
				A4DC4F8A2A499364001A0361 /* FavoriTableViewCell.swift in Sources */,
			);
			runOnlyForDeploymentPostprocessing = 0;
		};
/* End PBXSourcesBuildPhase section */

/* Begin PBXVariantGroup section */
		A4A0A10A2A3C8B7F008ABA86 /* Main.storyboard */ = {
			isa = PBXVariantGroup;
			children = (
				A4A0A10B2A3C8B7F008ABA86 /* Base */,
			);
			name = Main.storyboard;
			sourceTree = "<group>";
		};
		A4A0A10F2A3C8B7F008ABA86 /* LaunchScreen.storyboard */ = {
			isa = PBXVariantGroup;
			children = (
				A4A0A1102A3C8B7F008ABA86 /* Base */,
			);
			name = LaunchScreen.storyboard;
			sourceTree = "<group>";
		};
/* End PBXVariantGroup section */

/* Begin XCBuildConfiguration section */
		A4A0A1132A3C8B7F008ABA86 /* Debug */ = {
			isa = XCBuildConfiguration;
			buildSettings = {
				ALWAYS_SEARCH_USER_PATHS = NO;
				CLANG_ANALYZER_NONNULL = YES;
				CLANG_ANALYZER_NUMBER_OBJECT_CONVERSION = YES_AGGRESSIVE;
				CLANG_CXX_LANGUAGE_STANDARD = "gnu++20";
				CLANG_ENABLE_MODULES = YES;
				CLANG_ENABLE_OBJC_ARC = YES;
				CLANG_ENABLE_OBJC_WEAK = YES;
				CLANG_WARN_BLOCK_CAPTURE_AUTORELEASING = YES;
				CLANG_WARN_BOOL_CONVERSION = YES;
				CLANG_WARN_COMMA = YES;
				CLANG_WARN_CONSTANT_CONVERSION = YES;
				CLANG_WARN_DEPRECATED_OBJC_IMPLEMENTATIONS = YES;
				CLANG_WARN_DIRECT_OBJC_ISA_USAGE = YES_ERROR;
				CLANG_WARN_DOCUMENTATION_COMMENTS = YES;
				CLANG_WARN_EMPTY_BODY = YES;
				CLANG_WARN_ENUM_CONVERSION = YES;
				CLANG_WARN_INFINITE_RECURSION = YES;
				CLANG_WARN_INT_CONVERSION = YES;
				CLANG_WARN_NON_LITERAL_NULL_CONVERSION = YES;
				CLANG_WARN_OBJC_IMPLICIT_RETAIN_SELF = YES;
				CLANG_WARN_OBJC_LITERAL_CONVERSION = YES;
				CLANG_WARN_OBJC_ROOT_CLASS = YES_ERROR;
				CLANG_WARN_QUOTED_INCLUDE_IN_FRAMEWORK_HEADER = YES;
				CLANG_WARN_RANGE_LOOP_ANALYSIS = YES;
				CLANG_WARN_STRICT_PROTOTYPES = YES;
				CLANG_WARN_SUSPICIOUS_MOVE = YES;
				CLANG_WARN_UNGUARDED_AVAILABILITY = YES_AGGRESSIVE;
				CLANG_WARN_UNREACHABLE_CODE = YES;
				CLANG_WARN__DUPLICATE_METHOD_MATCH = YES;
				COPY_PHASE_STRIP = NO;
				DEBUG_INFORMATION_FORMAT = dwarf;
				ENABLE_STRICT_OBJC_MSGSEND = YES;
				ENABLE_TESTABILITY = YES;
				GCC_C_LANGUAGE_STANDARD = gnu11;
				GCC_DYNAMIC_NO_PIC = NO;
				GCC_NO_COMMON_BLOCKS = YES;
				GCC_OPTIMIZATION_LEVEL = 0;
				GCC_PREPROCESSOR_DEFINITIONS = (
					"DEBUG=1",
					"$(inherited)",
				);
				GCC_WARN_64_TO_32_BIT_CONVERSION = YES;
				GCC_WARN_ABOUT_RETURN_TYPE = YES_ERROR;
				GCC_WARN_UNDECLARED_SELECTOR = YES;
				GCC_WARN_UNINITIALIZED_AUTOS = YES_AGGRESSIVE;
				GCC_WARN_UNUSED_FUNCTION = YES;
				GCC_WARN_UNUSED_VARIABLE = YES;
				IPHONEOS_DEPLOYMENT_TARGET = 16.2;
				MTL_ENABLE_DEBUG_INFO = INCLUDE_SOURCE;
				MTL_FAST_MATH = YES;
				ONLY_ACTIVE_ARCH = YES;
				OTHER_LDFLAGS = "$(inherited)";
				SDKROOT = iphoneos;
				SWIFT_ACTIVE_COMPILATION_CONDITIONS = DEBUG;
				SWIFT_OPTIMIZATION_LEVEL = "-Onone";
			};
			name = Debug;
		};
		A4A0A1142A3C8B7F008ABA86 /* Release */ = {
			isa = XCBuildConfiguration;
			buildSettings = {
				ALWAYS_SEARCH_USER_PATHS = NO;
				CLANG_ANALYZER_NONNULL = YES;
				CLANG_ANALYZER_NUMBER_OBJECT_CONVERSION = YES_AGGRESSIVE;
				CLANG_CXX_LANGUAGE_STANDARD = "gnu++20";
				CLANG_ENABLE_MODULES = YES;
				CLANG_ENABLE_OBJC_ARC = YES;
				CLANG_ENABLE_OBJC_WEAK = YES;
				CLANG_WARN_BLOCK_CAPTURE_AUTORELEASING = YES;
				CLANG_WARN_BOOL_CONVERSION = YES;
				CLANG_WARN_COMMA = YES;
				CLANG_WARN_CONSTANT_CONVERSION = YES;
				CLANG_WARN_DEPRECATED_OBJC_IMPLEMENTATIONS = YES;
				CLANG_WARN_DIRECT_OBJC_ISA_USAGE = YES_ERROR;
				CLANG_WARN_DOCUMENTATION_COMMENTS = YES;
				CLANG_WARN_EMPTY_BODY = YES;
				CLANG_WARN_ENUM_CONVERSION = YES;
				CLANG_WARN_INFINITE_RECURSION = YES;
				CLANG_WARN_INT_CONVERSION = YES;
				CLANG_WARN_NON_LITERAL_NULL_CONVERSION = YES;
				CLANG_WARN_OBJC_IMPLICIT_RETAIN_SELF = YES;
				CLANG_WARN_OBJC_LITERAL_CONVERSION = YES;
				CLANG_WARN_OBJC_ROOT_CLASS = YES_ERROR;
				CLANG_WARN_QUOTED_INCLUDE_IN_FRAMEWORK_HEADER = YES;
				CLANG_WARN_RANGE_LOOP_ANALYSIS = YES;
				CLANG_WARN_STRICT_PROTOTYPES = YES;
				CLANG_WARN_SUSPICIOUS_MOVE = YES;
				CLANG_WARN_UNGUARDED_AVAILABILITY = YES_AGGRESSIVE;
				CLANG_WARN_UNREACHABLE_CODE = YES;
				CLANG_WARN__DUPLICATE_METHOD_MATCH = YES;
				COPY_PHASE_STRIP = NO;
				DEBUG_INFORMATION_FORMAT = "dwarf-with-dsym";
				ENABLE_NS_ASSERTIONS = NO;
				ENABLE_STRICT_OBJC_MSGSEND = YES;
				GCC_C_LANGUAGE_STANDARD = gnu11;
				GCC_NO_COMMON_BLOCKS = YES;
				GCC_WARN_64_TO_32_BIT_CONVERSION = YES;
				GCC_WARN_ABOUT_RETURN_TYPE = YES_ERROR;
				GCC_WARN_UNDECLARED_SELECTOR = YES;
				GCC_WARN_UNINITIALIZED_AUTOS = YES_AGGRESSIVE;
				GCC_WARN_UNUSED_FUNCTION = YES;
				GCC_WARN_UNUSED_VARIABLE = YES;
				IPHONEOS_DEPLOYMENT_TARGET = 16.2;
				MTL_ENABLE_DEBUG_INFO = NO;
				MTL_FAST_MATH = YES;
				OTHER_LDFLAGS = "$(inherited)";
				SDKROOT = iphoneos;
				SWIFT_COMPILATION_MODE = wholemodule;
				SWIFT_OPTIMIZATION_LEVEL = "-O";
				VALIDATE_PRODUCT = YES;
			};
			name = Release;
		};
		A4A0A1162A3C8B7F008ABA86 /* Debug */ = {
			isa = XCBuildConfiguration;
			buildSettings = {
				ASSETCATALOG_COMPILER_APPICON_NAME = AppIcon;
				ASSETCATALOG_COMPILER_GLOBAL_ACCENT_COLOR_NAME = AccentColor;
				CODE_SIGN_ENTITLEMENTS = sporApp/sporApp.entitlements;
				CODE_SIGN_STYLE = Automatic;
				CURRENT_PROJECT_VERSION = 1;
				DEVELOPMENT_TEAM = NF9R7KNMC7;
				FRAMEWORK_SEARCH_PATHS = (
					"$(inherited)",
					"$(PROJECT_DIR)/sporApp",
				);
				GENERATE_INFOPLIST_FILE = YES;
				INFOPLIST_FILE = sporApp/Info.plist;
				INFOPLIST_KEY_NSHealthShareUsageDescription = "Bu uygulama, nabız verisini okumak için sağlık verilerine erişim talep ediyor.";
				INFOPLIST_KEY_NSLocationWhenInUseUsageDescription = "Kullanıcı Konum İzni";
				INFOPLIST_KEY_UIApplicationSupportsIndirectInputEvents = YES;
				INFOPLIST_KEY_UILaunchStoryboardName = LaunchScreen;
				INFOPLIST_KEY_UIMainStoryboardFile = Main;
				INFOPLIST_KEY_UISupportedInterfaceOrientations_iPad = "UIInterfaceOrientationPortrait UIInterfaceOrientationPortraitUpsideDown UIInterfaceOrientationLandscapeLeft UIInterfaceOrientationLandscapeRight";
				INFOPLIST_KEY_UISupportedInterfaceOrientations_iPhone = "UIInterfaceOrientationPortrait UIInterfaceOrientationLandscapeLeft UIInterfaceOrientationLandscapeRight";
				LD_RUNPATH_SEARCH_PATHS = (
					"$(inherited)",
					"@executable_path/Frameworks",
				);
				MARKETING_VERSION = 1.0;
				PRODUCT_BUNDLE_IDENTIFIER = com.eyuphanakkaya.sporApp;
				PRODUCT_NAME = "$(TARGET_NAME)";
				SWIFT_EMIT_LOC_STRINGS = YES;
				SWIFT_VERSION = 5.0;
				TARGETED_DEVICE_FAMILY = "1,2";
			};
			name = Debug;
		};
		A4A0A1172A3C8B7F008ABA86 /* Release */ = {
			isa = XCBuildConfiguration;
			buildSettings = {
				ASSETCATALOG_COMPILER_APPICON_NAME = AppIcon;
				ASSETCATALOG_COMPILER_GLOBAL_ACCENT_COLOR_NAME = AccentColor;
				CODE_SIGN_ENTITLEMENTS = sporApp/sporApp.entitlements;
				CODE_SIGN_STYLE = Automatic;
				CURRENT_PROJECT_VERSION = 1;
				DEVELOPMENT_TEAM = NF9R7KNMC7;
				FRAMEWORK_SEARCH_PATHS = (
					"$(inherited)",
					"$(PROJECT_DIR)/sporApp",
				);
				GENERATE_INFOPLIST_FILE = YES;
				INFOPLIST_FILE = sporApp/Info.plist;
				INFOPLIST_KEY_NSHealthShareUsageDescription = "Bu uygulama, nabız verisini okumak için sağlık verilerine erişim talep ediyor.";
				INFOPLIST_KEY_NSLocationWhenInUseUsageDescription = "Kullanıcı Konum İzni";
				INFOPLIST_KEY_UIApplicationSupportsIndirectInputEvents = YES;
				INFOPLIST_KEY_UILaunchStoryboardName = LaunchScreen;
				INFOPLIST_KEY_UIMainStoryboardFile = Main;
				INFOPLIST_KEY_UISupportedInterfaceOrientations_iPad = "UIInterfaceOrientationPortrait UIInterfaceOrientationPortraitUpsideDown UIInterfaceOrientationLandscapeLeft UIInterfaceOrientationLandscapeRight";
				INFOPLIST_KEY_UISupportedInterfaceOrientations_iPhone = "UIInterfaceOrientationPortrait UIInterfaceOrientationLandscapeLeft UIInterfaceOrientationLandscapeRight";
				LD_RUNPATH_SEARCH_PATHS = (
					"$(inherited)",
					"@executable_path/Frameworks",
				);
				MARKETING_VERSION = 1.0;
				PRODUCT_BUNDLE_IDENTIFIER = com.eyuphanakkaya.sporApp;
				PRODUCT_NAME = "$(TARGET_NAME)";
				SWIFT_EMIT_LOC_STRINGS = YES;
				SWIFT_VERSION = 5.0;
				TARGETED_DEVICE_FAMILY = "1,2";
			};
			name = Release;
		};
/* End XCBuildConfiguration section */

/* Begin XCConfigurationList section */
		A4A0A0FC2A3C8B7F008ABA86 /* Build configuration list for PBXProject "sporApp" */ = {
			isa = XCConfigurationList;
			buildConfigurations = (
				A4A0A1132A3C8B7F008ABA86 /* Debug */,
				A4A0A1142A3C8B7F008ABA86 /* Release */,
			);
			defaultConfigurationIsVisible = 0;
			defaultConfigurationName = Release;
		};
		A4A0A1152A3C8B7F008ABA86 /* Build configuration list for PBXNativeTarget "sporApp" */ = {
			isa = XCConfigurationList;
			buildConfigurations = (
				A4A0A1162A3C8B7F008ABA86 /* Debug */,
				A4A0A1172A3C8B7F008ABA86 /* Release */,
			);
			defaultConfigurationIsVisible = 0;
			defaultConfigurationName = Release;
		};
/* End XCConfigurationList section */

/* Begin XCRemoteSwiftPackageReference section */
		A4197F9E2A446E4D0067BFB0 /* XCRemoteSwiftPackageReference "youtube-ios-player-helper" */ = {
			isa = XCRemoteSwiftPackageReference;
			repositoryURL = "https://github.com/youtube/youtube-ios-player-helper.git";
			requirement = {
				kind = upToNextMinorVersion;
				minimumVersion = 1.0.0;
			};
		};
		A425FCA92A4F570400DE40CD /* XCRemoteSwiftPackageReference "firebase-ios-sdk" */ = {
			isa = XCRemoteSwiftPackageReference;
			repositoryURL = "https://github.com/firebase/firebase-ios-sdk";
			requirement = {
				kind = upToNextMajorVersion;
				minimumVersion = 9.0.0;
			};
		};
		A491D5682A418447000E6BF2 /* XCRemoteSwiftPackageReference "lottie-ios" */ = {
			isa = XCRemoteSwiftPackageReference;
			repositoryURL = "https://github.com/airbnb/lottie-ios.git";
			requirement = {
				branch = master;
				kind = branch;
			};
		};
		A4D75C852A56AEF60046CE00 /* XCRemoteSwiftPackageReference "Alamofire" */ = {
			isa = XCRemoteSwiftPackageReference;
			repositoryURL = "https://github.com/Alamofire/Alamofire.git";
			requirement = {
				branch = master;
				kind = branch;
			};
		};
		A4D75C8A2A56BFC00046CE00 /* XCRemoteSwiftPackageReference "AlamofireImage" */ = {
			isa = XCRemoteSwiftPackageReference;
			repositoryURL = "https://github.com/Alamofire/AlamofireImage.git";
			requirement = {
				kind = upToNextMajorVersion;
				minimumVersion = 4.0.0;
			};
		};
/* End XCRemoteSwiftPackageReference section */

/* Begin XCSwiftPackageProductDependency section */
		A4197F9F2A446E4D0067BFB0 /* YouTubeiOSPlayerHelper */ = {
			isa = XCSwiftPackageProductDependency;
			package = A4197F9E2A446E4D0067BFB0 /* XCRemoteSwiftPackageReference "youtube-ios-player-helper" */;
			productName = YouTubeiOSPlayerHelper;
		};
		A425FCAA2A4F570400DE40CD /* FirebaseAnalytics */ = {
			isa = XCSwiftPackageProductDependency;
			package = A425FCA92A4F570400DE40CD /* XCRemoteSwiftPackageReference "firebase-ios-sdk" */;
			productName = FirebaseAnalytics;
		};
		A425FCAC2A4F570400DE40CD /* FirebaseAuth */ = {
			isa = XCSwiftPackageProductDependency;
			package = A425FCA92A4F570400DE40CD /* XCRemoteSwiftPackageReference "firebase-ios-sdk" */;
			productName = FirebaseAuth;
		};
		A425FCAE2A4F570400DE40CD /* FirebaseDatabase */ = {
			isa = XCSwiftPackageProductDependency;
			package = A425FCA92A4F570400DE40CD /* XCRemoteSwiftPackageReference "firebase-ios-sdk" */;
			productName = FirebaseDatabase;
		};
		A425FCB02A4F570400DE40CD /* FirebaseFirestore */ = {
			isa = XCSwiftPackageProductDependency;
			package = A425FCA92A4F570400DE40CD /* XCRemoteSwiftPackageReference "firebase-ios-sdk" */;
			productName = FirebaseFirestore;
		};
		A425FCB22A4F570400DE40CD /* FirebaseStorage */ = {
			isa = XCSwiftPackageProductDependency;
			package = A425FCA92A4F570400DE40CD /* XCRemoteSwiftPackageReference "firebase-ios-sdk" */;
			productName = FirebaseStorage;
		};
		A491D5692A418447000E6BF2 /* Lottie */ = {
			isa = XCSwiftPackageProductDependency;
			package = A491D5682A418447000E6BF2 /* XCRemoteSwiftPackageReference "lottie-ios" */;
			productName = Lottie;
		};
		A4D75C862A56AEF60046CE00 /* Alamofire */ = {
			isa = XCSwiftPackageProductDependency;
			package = A4D75C852A56AEF60046CE00 /* XCRemoteSwiftPackageReference "Alamofire" */;
			productName = Alamofire;
		};
		A4D75C8B2A56BFC00046CE00 /* AlamofireImage */ = {
			isa = XCSwiftPackageProductDependency;
			package = A4D75C8A2A56BFC00046CE00 /* XCRemoteSwiftPackageReference "AlamofireImage" */;
			productName = AlamofireImage;
		};
/* End XCSwiftPackageProductDependency section */
	};
	rootObject = A4A0A0F92A3C8B7F008ABA86 /* Project object */;
}
